
Microsoft Visual Studio Solution File, Format Version 12.00
# Visual Studio Version 16
VisualStudioVersion = 16.0.29209.62
MinimumVisualStudioVersion = 10.0.40219.1
Project("{FAE04EC0-301F-11D3-BF4B-00C04F79EFBC}") = "Trabajo Final U1 WEB2", "Trabajo Final U1 WEB2\Trabajo Final U1 WEB2.csproj", "{1AF1FE74-9285-4F8C-BEA6-1195B696B624}"
EndProject
Global
	GlobalSection(SolutionConfigurationPlatforms) = preSolution
		Debug|Any CPU = Debug|Any CPU
		Release|Any CPU = Release|Any CPU
	EndGlobalSection
	GlobalSection(ProjectConfigurationPlatforms) = postSolution
		{1AF1FE74-9285-4F8C-BEA6-1195B696B624}.Debug|Any CPU.ActiveCfg = Debug|Any CPU
		{1AF1FE74-9285-4F8C-BEA6-1195B696B624}.Debug|Any CPU.Build.0 = Debug|Any CPU
		{1AF1FE74-9285-4F8C-BEA6-1195B696B624}.Release|Any CPU.ActiveCfg = Release|Any CPU
		{1AF1FE74-9285-4F8C-BEA6-1195B696B624}.Release|Any CPU.Build.0 = Release|Any CPU
	EndGlobalSection
	GlobalSection(SolutionProperties) = preSolution
		HideSolutionNode = FALSE
	EndGlobalSection
	GlobalSection(ExtensibilityGlobals) = postSolution
		SolutionGuid = {674027CB-D9C7-4688-A6AF-AC484FDEDFF6}
	EndGlobalSection
EndGlobal
